// !$*UTF8*$!
{
	archiveVersion = 1;
	classes = {
	};
	objectVersion = 56;
	objects = {

/* Begin PBXBuildFile section */
		8B8D2F9B29F138010033D0B2 /* AppDelegate.swift in Sources */ = {isa = PBXBuildFile; fileRef = 8B8D2F9A29F138010033D0B2 /* AppDelegate.swift */; };
		8B8D2F9D29F138010033D0B2 /* SceneDelegate.swift in Sources */ = {isa = PBXBuildFile; fileRef = 8B8D2F9C29F138010033D0B2 /* SceneDelegate.swift */; };
		8B8D2F9F29F138010033D0B2 /* ViewController.swift in Sources */ = {isa = PBXBuildFile; fileRef = 8B8D2F9E29F138010033D0B2 /* ViewController.swift */; };
		8B8D2FA229F138010033D0B2 /* Main.storyboard in Resources */ = {isa = PBXBuildFile; fileRef = 8B8D2FA029F138010033D0B2 /* Main.storyboard */; };
		8B8D2FA429F138020033D0B2 /* Assets.xcassets in Resources */ = {isa = PBXBuildFile; fileRef = 8B8D2FA329F138020033D0B2 /* Assets.xcassets */; };
		8B8D2FA729F138020033D0B2 /* LaunchScreen.storyboard in Resources */ = {isa = PBXBuildFile; fileRef = 8B8D2FA529F138020033D0B2 /* LaunchScreen.storyboard */; };
		8B8D2FB529F139E20033D0B2 /* NewsTableViewCell.swift in Sources */ = {isa = PBXBuildFile; fileRef = 8B8D2FB329F139E20033D0B2 /* NewsTableViewCell.swift */; };
		8B8D2FB629F139E20033D0B2 /* NewsTableViewCell.xib in Resources */ = {isa = PBXBuildFile; fileRef = 8B8D2FB429F139E20033D0B2 /* NewsTableViewCell.xib */; };
		8B8D2FB829F13BEF0033D0B2 /* NewsTableView.swift in Sources */ = {isa = PBXBuildFile; fileRef = 8B8D2FB729F13BEF0033D0B2 /* NewsTableView.swift */; };
		8B8D2FBB29F1422A0033D0B2 /* NewsSetvices.swift in Sources */ = {isa = PBXBuildFile; fileRef = 8B8D2FBA29F1422A0033D0B2 /* NewsSetvices.swift */; };
		8B8D2FBD29F14B040033D0B2 /* NewsModel.swift in Sources */ = {isa = PBXBuildFile; fileRef = 8B8D2FBC29F14B040033D0B2 /* NewsModel.swift */; };
		8B8D2FBF29F15A530033D0B2 /* ImageDownload.swift in Sources */ = {isa = PBXBuildFile; fileRef = 8B8D2FBE29F15A530033D0B2 /* ImageDownload.swift */; };
		8B8D2FC129F16CBA0033D0B2 /* NewsViewModel.swift in Sources */ = {isa = PBXBuildFile; fileRef = 8B8D2FC029F16CBA0033D0B2 /* NewsViewModel.swift */; };
		8B8D2FC829F1B4D60033D0B2 /* String.swift in Sources */ = {isa = PBXBuildFile; fileRef = 8B8D2FC729F1B4D60033D0B2 /* String.swift */; };
		8B8D2FCA29F1BA2E0033D0B2 /* ViewBinding.swift in Sources */ = {isa = PBXBuildFile; fileRef = 8B8D2FC929F1BA2E0033D0B2 /* ViewBinding.swift */; };
		8BD239EA29F275DA008983F6 /* CommonUtils.swift in Sources */ = {isa = PBXBuildFile; fileRef = 8BD239E929F275DA008983F6 /* CommonUtils.swift */; };
/* End PBXBuildFile section */

/* Begin PBXFileReference section */
		8B8D2F9729F138010033D0B2 /* NewsApp.app */ = {isa = PBXFileReference; explicitFileType = wrapper.application; includeInIndex = 0; path = NewsApp.app; sourceTree = BUILT_PRODUCTS_DIR; };
		8B8D2F9A29F138010033D0B2 /* AppDelegate.swift */ = {isa = PBXFileReference; lastKnownFileType = sourcecode.swift; path = AppDelegate.swift; sourceTree = "<group>"; };
		8B8D2F9C29F138010033D0B2 /* SceneDelegate.swift */ = {isa = PBXFileReference; lastKnownFileType = sourcecode.swift; path = SceneDelegate.swift; sourceTree = "<group>"; };
		8B8D2F9E29F138010033D0B2 /* ViewController.swift */ = {isa = PBXFileReference; lastKnownFileType = sourcecode.swift; path = ViewController.swift; sourceTree = "<group>"; };
		8B8D2FA129F138010033D0B2 /* Base */ = {isa = PBXFileReference; lastKnownFileType = file.storyboard; name = Base; path = Base.lproj/Main.storyboard; sourceTree = "<group>"; };
		8B8D2FA329F138020033D0B2 /* Assets.xcassets */ = {isa = PBXFileReference; lastKnownFileType = folder.assetcatalog; path = Assets.xcassets; sourceTree = "<group>"; };
		8B8D2FA629F138020033D0B2 /* Base */ = {isa = PBXFileReference; lastKnownFileType = file.storyboard; name = Base; path = Base.lproj/LaunchScreen.storyboard; sourceTree = "<group>"; };
		8B8D2FA829F138020033D0B2 /* Info.plist */ = {isa = PBXFileReference; lastKnownFileType = text.plist.xml; path = Info.plist; sourceTree = "<group>"; };
		8B8D2FB329F139E20033D0B2 /* NewsTableViewCell.swift */ = {isa = PBXFileReference; lastKnownFileType = sourcecode.swift; path = NewsTableViewCell.swift; sourceTree = "<group>"; };
		8B8D2FB429F139E20033D0B2 /* NewsTableViewCell.xib */ = {isa = PBXFileReference; lastKnownFileType = file.xib; path = NewsTableViewCell.xib; sourceTree = "<group>"; };
		8B8D2FB729F13BEF0033D0B2 /* NewsTableView.swift */ = {isa = PBXFileReference; lastKnownFileType = sourcecode.swift; path = NewsTableView.swift; sourceTree = "<group>"; };
		8B8D2FBA29F1422A0033D0B2 /* NewsSetvices.swift */ = {isa = PBXFileReference; lastKnownFileType = sourcecode.swift; path = NewsSetvices.swift; sourceTree = "<group>"; };
		8B8D2FBC29F14B040033D0B2 /* NewsModel.swift */ = {isa = PBXFileReference; lastKnownFileType = sourcecode.swift; path = NewsModel.swift; sourceTree = "<group>"; };
		8B8D2FBE29F15A530033D0B2 /* ImageDownload.swift */ = {isa = PBXFileReference; lastKnownFileType = sourcecode.swift; path = ImageDownload.swift; sourceTree = "<group>"; };
		8B8D2FC029F16CBA0033D0B2 /* NewsViewModel.swift */ = {isa = PBXFileReference; lastKnownFileType = sourcecode.swift; path = NewsViewModel.swift; sourceTree = "<group>"; };
		8B8D2FC729F1B4D60033D0B2 /* String.swift */ = {isa = PBXFileReference; lastKnownFileType = sourcecode.swift; path = String.swift; sourceTree = "<group>"; };
		8B8D2FC929F1BA2E0033D0B2 /* ViewBinding.swift */ = {isa = PBXFileReference; lastKnownFileType = sourcecode.swift; path = ViewBinding.swift; sourceTree = "<group>"; };
		8BD239E929F275DA008983F6 /* CommonUtils.swift */ = {isa = PBXFileReference; lastKnownFileType = sourcecode.swift; path = CommonUtils.swift; sourceTree = "<group>"; };
/* End PBXFileReference section */

/* Begin PBXFrameworksBuildPhase section */
		8B8D2F9429F138010033D0B2 /* Frameworks */ = {
			isa = PBXFrameworksBuildPhase;
			buildActionMask = 2147483647;
			files = (
			);
			runOnlyForDeploymentPostprocessing = 0;
		};
/* End PBXFrameworksBuildPhase section */

/* Begin PBXGroup section */
		8B8D2F8E29F138010033D0B2 = {
			isa = PBXGroup;
			children = (
				8B8D2F9929F138010033D0B2 /* NewsApp */,
				8B8D2F9829F138010033D0B2 /* Products */,
			);
			sourceTree = "<group>";
		};
		8B8D2F9829F138010033D0B2 /* Products */ = {
			isa = PBXGroup;
			children = (
				8B8D2F9729F138010033D0B2 /* NewsApp.app */,
			);
			name = Products;
			sourceTree = "<group>";
		};
		8B8D2F9929F138010033D0B2 /* NewsApp */ = {
			isa = PBXGroup;
			children = (
				8B8D2FAF29F138FA0033D0B2 /* AppManager */,
				8B8D2FC229F196000033D0B2 /* NewsList */,
				8B8D2FC529F1B28C0033D0B2 /* Utility */,
				8B8D2FA329F138020033D0B2 /* Assets.xcassets */,
				8B8D2FA529F138020033D0B2 /* LaunchScreen.storyboard */,
				8B8D2FA829F138020033D0B2 /* Info.plist */,
			);
			path = NewsApp;
			sourceTree = "<group>";
		};
		8B8D2FAF29F138FA0033D0B2 /* AppManager */ = {
			isa = PBXGroup;
			children = (
				8B8D2F9A29F138010033D0B2 /* AppDelegate.swift */,
				8B8D2F9C29F138010033D0B2 /* SceneDelegate.swift */,
			);
			path = AppManager;
			sourceTree = "<group>";
		};
		8B8D2FB029F139400033D0B2 /* Views */ = {
			isa = PBXGroup;
			children = (
				8B8D2FC329F196800033D0B2 /* SubViews */,
				8B8D2FA029F138010033D0B2 /* Main.storyboard */,
				8B8D2F9E29F138010033D0B2 /* ViewController.swift */,
			);
			path = Views;
			sourceTree = "<group>";
		};
		8B8D2FB129F1396A0033D0B2 /* ViewModel */ = {
			isa = PBXGroup;
			children = (
				8B8D2FC029F16CBA0033D0B2 /* NewsViewModel.swift */,
			);
			path = ViewModel;
			sourceTree = "<group>";
		};
		8B8D2FB229F1397A0033D0B2 /* Model */ = {
			isa = PBXGroup;
			children = (
				8B8D2FBC29F14B040033D0B2 /* NewsModel.swift */,
			);
			path = Model;
			sourceTree = "<group>";
		};
		8B8D2FB929F141F80033D0B2 /* Network */ = {
			isa = PBXGroup;
			children = (
				8B8D2FBA29F1422A0033D0B2 /* NewsSetvices.swift */,
				8B8D2FBE29F15A530033D0B2 /* ImageDownload.swift */,
			);
			path = Network;
			sourceTree = "<group>";
		};
		8B8D2FC229F196000033D0B2 /* NewsList */ = {
			isa = PBXGroup;
			children = (
				8B8D2FB229F1397A0033D0B2 /* Model */,
				8B8D2FB029F139400033D0B2 /* Views */,
				8B8D2FB129F1396A0033D0B2 /* ViewModel */,
			);
			path = NewsList;
			sourceTree = "<group>";
		};
		8B8D2FC329F196800033D0B2 /* SubViews */ = {
			isa = PBXGroup;
			children = (
				8B8D2FB729F13BEF0033D0B2 /* NewsTableView.swift */,
				8B8D2FC429F196A20033D0B2 /* ArticleXIBCells */,
			);
			path = SubViews;
			sourceTree = "<group>";
		};
		8B8D2FC429F196A20033D0B2 /* ArticleXIBCells */ = {
			isa = PBXGroup;
			children = (
				8B8D2FB329F139E20033D0B2 /* NewsTableViewCell.swift */,
				8B8D2FB429F139E20033D0B2 /* NewsTableViewCell.xib */,
			);
			path = ArticleXIBCells;
			sourceTree = "<group>";
		};
		8B8D2FC529F1B28C0033D0B2 /* Utility */ = {
			isa = PBXGroup;
			children = (
				8B8D2FC629F1B4AE0033D0B2 /* Extension */,
				8B8D2FB929F141F80033D0B2 /* Network */,
				8B8D2FC929F1BA2E0033D0B2 /* ViewBinding.swift */,
				8BD239E929F275DA008983F6 /* CommonUtils.swift */,
			);
			path = Utility;
			sourceTree = "<group>";
		};
		8B8D2FC629F1B4AE0033D0B2 /* Extension */ = {
			isa = PBXGroup;
			children = (
				8B8D2FC729F1B4D60033D0B2 /* String.swift */,
			);
			path = Extension;
			sourceTree = "<group>";
		};
/* End PBXGroup section */

/* Begin PBXNativeTarget section */
		8B8D2F9629F138010033D0B2 /* NewsApp */ = {
			isa = PBXNativeTarget;
			buildConfigurationList = 8B8D2FAB29F138020033D0B2 /* Build configuration list for PBXNativeTarget "NewsApp" */;
			buildPhases = (
				8B8D2F9329F138010033D0B2 /* Sources */,
				8B8D2F9429F138010033D0B2 /* Frameworks */,
				8B8D2F9529F138010033D0B2 /* Resources */,
			);
			buildRules = (
			);
			dependencies = (
			);
			name = NewsApp;
			productName = NewsApp;
			productReference = 8B8D2F9729F138010033D0B2 /* NewsApp.app */;
			productType = "com.apple.product-type.application";
		};
/* End PBXNativeTarget section */

/* Begin PBXProject section */
		8B8D2F8F29F138010033D0B2 /* Project object */ = {
			isa = PBXProject;
			attributes = {
				BuildIndependentTargetsInParallel = 1;
				LastSwiftUpdateCheck = 1420;
				LastUpgradeCheck = 1420;
				TargetAttributes = {
					8B8D2F9629F138010033D0B2 = {
						CreatedOnToolsVersion = 14.2;
					};
				};
			};
			buildConfigurationList = 8B8D2F9229F138010033D0B2 /* Build configuration list for PBXProject "NewsApp" */;
			compatibilityVersion = "Xcode 14.0";
			developmentRegion = en;
			hasScannedForEncodings = 0;
			knownRegions = (
				en,
				Base,
			);
			mainGroup = 8B8D2F8E29F138010033D0B2;
			productRefGroup = 8B8D2F9829F138010033D0B2 /* Products */;
			projectDirPath = "";
			projectRoot = "";
			targets = (
				8B8D2F9629F138010033D0B2 /* NewsApp */,
			);
		};
/* End PBXProject section */

/* Begin PBXResourcesBuildPhase section */
		8B8D2F9529F138010033D0B2 /* Resources */ = {
			isa = PBXResourcesBuildPhase;
			buildActionMask = 2147483647;
			files = (
				8B8D2FA729F138020033D0B2 /* LaunchScreen.storyboard in Resources */,
				8B8D2FA429F138020033D0B2 /* Assets.xcassets in Resources */,
				8B8D2FB629F139E20033D0B2 /* NewsTableViewCell.xib in Resources */,
				8B8D2FA229F138010033D0B2 /* Main.storyboard in Resources */,
			);
			runOnlyForDeploymentPostprocessing = 0;
		};
/* End PBXResourcesBuildPhase section */

/* Begin PBXSourcesBuildPhase section */
		8B8D2F9329F138010033D0B2 /* Sources */ = {
			isa = PBXSourcesBuildPhase;
			buildActionMask = 2147483647;
			files = (
				8B8D2FBD29F14B040033D0B2 /* NewsModel.swift in Sources */,
				8B8D2FCA29F1BA2E0033D0B2 /* ViewBinding.swift in Sources */,
				8B8D2FC129F16CBA0033D0B2 /* NewsViewModel.swift in Sources */,
				8B8D2FC829F1B4D60033D0B2 /* String.swift in Sources */,
				8B8D2FBF29F15A530033D0B2 /* ImageDownload.swift in Sources */,
				8B8D2FBB29F1422A0033D0B2 /* NewsSetvices.swift in Sources */,
				8B8D2F9F29F138010033D0B2 /* ViewController.swift in Sources */,
				8B8D2F9B29F138010033D0B2 /* AppDelegate.swift in Sources */,
				8B8D2FB529F139E20033D0B2 /* NewsTableViewCell.swift in Sources */,
				8B8D2F9D29F138010033D0B2 /* SceneDelegate.swift in Sources */,
				8BD239EA29F275DA008983F6 /* CommonUtils.swift in Sources */,
				8B8D2FB829F13BEF0033D0B2 /* NewsTableView.swift in Sources */,
			);
			runOnlyForDeploymentPostprocessing = 0;
		};
/* End PBXSourcesBuildPhase section */

/* Begin PBXVariantGroup section */
		8B8D2FA029F138010033D0B2 /* Main.storyboard */ = {
			isa = PBXVariantGroup;
			children = (
				8B8D2FA129F138010033D0B2 /* Base */,
			);
			name = Main.storyboard;
			sourceTree = "<group>";
		};
		8B8D2FA529F138020033D0B2 /* LaunchScreen.storyboard */ = {
			isa = PBXVariantGroup;
			children = (
				8B8D2FA629F138020033D0B2 /* Base */,
			);
			name = LaunchScreen.storyboard;
			sourceTree = "<group>";
		};
/* End PBXVariantGroup section */

/* Begin XCBuildConfiguration section */
		8B8D2FA929F138020033D0B2 /* Debug */ = {
			isa = XCBuildConfiguration;
			buildSettings = {
				ALWAYS_SEARCH_USER_PATHS = NO;
				CLANG_ANALYZER_NONNULL = YES;
				CLANG_ANALYZER_NUMBER_OBJECT_CONVERSION = YES_AGGRESSIVE;
				CLANG_CXX_LANGUAGE_STANDARD = "gnu++20";
				CLANG_ENABLE_MODULES = YES;
				CLANG_ENABLE_OBJC_ARC = YES;
				CLANG_ENABLE_OBJC_WEAK = YES;
				CLANG_WARN_BLOCK_CAPTURE_AUTORELEASING = YES;
				CLANG_WARN_BOOL_CONVERSION = YES;
				CLANG_WARN_COMMA = YES;
				CLANG_WARN_CONSTANT_CONVERSION = YES;
				CLANG_WARN_DEPRECATED_OBJC_IMPLEMENTATIONS = YES;
				CLANG_WARN_DIRECT_OBJC_ISA_USAGE = YES_ERROR;
				CLANG_WARN_DOCUMENTATION_COMMENTS = YES;
				CLANG_WARN_EMPTY_BODY = YES;
				CLANG_WARN_ENUM_CONVERSION = YES;
				CLANG_WARN_INFINITE_RECURSION = YES;
				CLANG_WARN_INT_CONVERSION = YES;
				CLANG_WARN_NON_LITERAL_NULL_CONVERSION = YES;
				CLANG_WARN_OBJC_IMPLICIT_RETAIN_SELF = YES;
				CLANG_WARN_OBJC_LITERAL_CONVERSION = YES;
				CLANG_WARN_OBJC_ROOT_CLASS = YES_ERROR;
				CLANG_WARN_QUOTED_INCLUDE_IN_FRAMEWORK_HEADER = YES;
				CLANG_WARN_RANGE_LOOP_ANALYSIS = YES;
				CLANG_WARN_STRICT_PROTOTYPES = YES;
				CLANG_WARN_SUSPICIOUS_MOVE = YES;
				CLANG_WARN_UNGUARDED_AVAILABILITY = YES_AGGRESSIVE;
				CLANG_WARN_UNREACHABLE_CODE = YES;
				CLANG_WARN__DUPLICATE_METHOD_MATCH = YES;
				COPY_PHASE_STRIP = NO;
				DEBUG_INFORMATION_FORMAT = dwarf;
				ENABLE_STRICT_OBJC_MSGSEND = YES;
				ENABLE_TESTABILITY = YES;
				GCC_C_LANGUAGE_STANDARD = gnu11;
				GCC_DYNAMIC_NO_PIC = NO;
				GCC_NO_COMMON_BLOCKS = YES;
				GCC_OPTIMIZATION_LEVEL = 0;
				GCC_PREPROCESSOR_DEFINITIONS = (
					"DEBUG=1",
					"$(inherited)",
				);
				GCC_WARN_64_TO_32_BIT_CONVERSION = YES;
				GCC_WARN_ABOUT_RETURN_TYPE = YES_ERROR;
				GCC_WARN_UNDECLARED_SELECTOR = YES;
				GCC_WARN_UNINITIALIZED_AUTOS = YES_AGGRESSIVE;
				GCC_WARN_UNUSED_FUNCTION = YES;
				GCC_WARN_UNUSED_VARIABLE = YES;
				IPHONEOS_DEPLOYMENT_TARGET = 16.2;
				MTL_ENABLE_DEBUG_INFO = INCLUDE_SOURCE;
				MTL_FAST_MATH = YES;
				ONLY_ACTIVE_ARCH = YES;
				SDKROOT = iphoneos;
				SWIFT_ACTIVE_COMPILATION_CONDITIONS = DEBUG;
				SWIFT_OPTIMIZATION_LEVEL = "-Onone";
			};
			name = Debug;
		};
		8B8D2FAA29F138020033D0B2 /* Release */ = {
			isa = XCBuildConfiguration;
			buildSettings = {
				ALWAYS_SEARCH_USER_PATHS = NO;
				CLANG_ANALYZER_NONNULL = YES;
				CLANG_ANALYZER_NUMBER_OBJECT_CONVERSION = YES_AGGRESSIVE;
				CLANG_CXX_LANGUAGE_STANDARD = "gnu++20";
				CLANG_ENABLE_MODULES = YES;
				CLANG_ENABLE_OBJC_ARC = YES;
				CLANG_ENABLE_OBJC_WEAK = YES;
				CLANG_WARN_BLOCK_CAPTURE_AUTORELEASING = YES;
				CLANG_WARN_BOOL_CONVERSION = YES;
				CLANG_WARN_COMMA = YES;
				CLANG_WARN_CONSTANT_CONVERSION = YES;
				CLANG_WARN_DEPRECATED_OBJC_IMPLEMENTATIONS = YES;
				CLANG_WARN_DIRECT_OBJC_ISA_USAGE = YES_ERROR;
				CLANG_WARN_DOCUMENTATION_COMMENTS = YES;
				CLANG_WARN_EMPTY_BODY = YES;
				CLANG_WARN_ENUM_CONVERSION = YES;
				CLANG_WARN_INFINITE_RECURSION = YES;
				CLANG_WARN_INT_CONVERSION = YES;
				CLANG_WARN_NON_LITERAL_NULL_CONVERSION = YES;
				CLANG_WARN_OBJC_IMPLICIT_RETAIN_SELF = YES;
				CLANG_WARN_OBJC_LITERAL_CONVERSION = YES;
				CLANG_WARN_OBJC_ROOT_CLASS = YES_ERROR;
				CLANG_WARN_QUOTED_INCLUDE_IN_FRAMEWORK_HEADER = YES;
				CLANG_WARN_RANGE_LOOP_ANALYSIS = YES;
				CLANG_WARN_STRICT_PROTOTYPES = YES;
				CLANG_WARN_SUSPICIOUS_MOVE = YES;
				CLANG_WARN_UNGUARDED_AVAILABILITY = YES_AGGRESSIVE;
				CLANG_WARN_UNREACHABLE_CODE = YES;
				CLANG_WARN__DUPLICATE_METHOD_MATCH = YES;
				COPY_PHASE_STRIP = NO;
				DEBUG_INFORMATION_FORMAT = "dwarf-with-dsym";
				ENABLE_NS_ASSERTIONS = NO;
				ENABLE_STRICT_OBJC_MSGSEND = YES;
				GCC_C_LANGUAGE_STANDARD = gnu11;
				GCC_NO_COMMON_BLOCKS = YES;
				GCC_WARN_64_TO_32_BIT_CONVERSION = YES;
				GCC_WARN_ABOUT_RETURN_TYPE = YES_ERROR;
				GCC_WARN_UNDECLARED_SELECTOR = YES;
				GCC_WARN_UNINITIALIZED_AUTOS = YES_AGGRESSIVE;
				GCC_WARN_UNUSED_FUNCTION = YES;
				GCC_WARN_UNUSED_VARIABLE = YES;
				IPHONEOS_DEPLOYMENT_TARGET = 16.2;
				MTL_ENABLE_DEBUG_INFO = NO;
				MTL_FAST_MATH = YES;
				SDKROOT = iphoneos;
				SWIFT_COMPILATION_MODE = wholemodule;
				SWIFT_OPTIMIZATION_LEVEL = "-O";
				VALIDATE_PRODUCT = YES;
			};
			name = Release;
		};
		8B8D2FAC29F138020033D0B2 /* Debug */ = {
			isa = XCBuildConfiguration;
			buildSettings = {
				ASSETCATALOG_COMPILER_APPICON_NAME = AppIcon;
				ASSETCATALOG_COMPILER_GLOBAL_ACCENT_COLOR_NAME = AccentColor;
				CODE_SIGN_STYLE = Automatic;
				CURRENT_PROJECT_VERSION = 1;
				GENERATE_INFOPLIST_FILE = YES;
				INFOPLIST_FILE = NewsApp/Info.plist;
				INFOPLIST_KEY_UIApplicationSupportsIndirectInputEvents = YES;
				INFOPLIST_KEY_UILaunchStoryboardName = LaunchScreen;
				INFOPLIST_KEY_UIMainStoryboardFile = Main;
				INFOPLIST_KEY_UISupportedInterfaceOrientations_iPad = "UIInterfaceOrientationPortrait UIInterfaceOrientationPortraitUpsideDown UIInterfaceOrientationLandscapeLeft UIInterfaceOrientationLandscapeRight";
				INFOPLIST_KEY_UISupportedInterfaceOrientations_iPhone = "UIInterfaceOrientationPortrait UIInterfaceOrientationLandscapeLeft UIInterfaceOrientationLandscapeRight";
				LD_RUNPATH_SEARCH_PATHS = (
					"$(inherited)",
					"@executable_path/Frameworks",
				);
				MARKETING_VERSION = 1.0;
				PRODUCT_BUNDLE_IDENTIFIER = com.app.NewsApp;
				PRODUCT_NAME = "$(TARGET_NAME)";
				SWIFT_EMIT_LOC_STRINGS = YES;
				SWIFT_VERSION = 5.0;
				TARGETED_DEVICE_FAMILY = "1,2";
			};
			name = Debug;
		};
		8B8D2FAD29F138020033D0B2 /* Release */ = {
			isa = XCBuildConfiguration;
			buildSettings = {
				ASSETCATALOG_COMPILER_APPICON_NAME = AppIcon;
				ASSETCATALOG_COMPILER_GLOBAL_ACCENT_COLOR_NAME = AccentColor;
				CODE_SIGN_STYLE = Automatic;
				CURRENT_PROJECT_VERSION = 1;
				GENERATE_INFOPLIST_FILE = YES;
				INFOPLIST_FILE = NewsApp/Info.plist;
				INFOPLIST_KEY_UIApplicationSupportsIndirectInputEvents = YES;
				INFOPLIST_KEY_UILaunchStoryboardName = LaunchScreen;
				INFOPLIST_KEY_UIMainStoryboardFile = Main;
				INFOPLIST_KEY_UISupportedInterfaceOrientations_iPad = "UIInterfaceOrientationPortrait UIInterfaceOrientationPortraitUpsideDown UIInterfaceOrientationLandscapeLeft UIInterfaceOrientationLandscapeRight";
				INFOPLIST_KEY_UISupportedInterfaceOrientations_iPhone = "UIInterfaceOrientationPortrait UIInterfaceOrientationLandscapeLeft UIInterfaceOrientationLandscapeRight";
				LD_RUNPATH_SEARCH_PATHS = (
					"$(inherited)",
					"@executable_path/Frameworks",
				);
				MARKETING_VERSION = 1.0;
				PRODUCT_BUNDLE_IDENTIFIER = com.app.NewsApp;
				PRODUCT_NAME = "$(TARGET_NAME)";
				SWIFT_EMIT_LOC_STRINGS = YES;
				SWIFT_VERSION = 5.0;
				TARGETED_DEVICE_FAMILY = "1,2";
			};
			name = Release;
		};
/* End XCBuildConfiguration section */

/* Begin XCConfigurationList section */
		8B8D2F9229F138010033D0B2 /* Build configuration list for PBXProject "NewsApp" */ = {
			isa = XCConfigurationList;
			buildConfigurations = (
				8B8D2FA929F138020033D0B2 /* Debug */,
				8B8D2FAA29F138020033D0B2 /* Release */,
			);
			defaultConfigurationIsVisible = 0;
			defaultConfigurationName = Release;
		};
		8B8D2FAB29F138020033D0B2 /* Build configuration list for PBXNativeTarget "NewsApp" */ = {
			isa = XCConfigurationList;
			buildConfigurations = (
				8B8D2FAC29F138020033D0B2 /* Debug */,
				8B8D2FAD29F138020033D0B2 /* Release */,
			);
			defaultConfigurationIsVisible = 0;
			defaultConfigurationName = Release;
		};
/* End XCConfigurationList section */
	};
	rootObject = 8B8D2F8F29F138010033D0B2 /* Project object */;
}
